// !$*UTF8*$!
{
	archiveVersion = 1;
	classes = {
	};
	objectVersion = 48;
	objects = {

/* Begin PBXBuildFile section */
		4D4913FE1F9DFAC800B6C1E6 /* Spaceship.swift in Sources */ = {isa = PBXBuildFile; fileRef = 4D4913FD1F9DFAC800B6C1E6 /* Spaceship.swift */; };
		4D4914001F9E029A00B6C1E6 /* RefCycle.swift in Sources */ = {isa = PBXBuildFile; fileRef = 4D4913FF1F9E029A00B6C1E6 /* RefCycle.swift */; };
		4D4914021F9E07E000B6C1E6 /* Accessors.swift in Sources */ = {isa = PBXBuildFile; fileRef = 4D4914011F9E07E000B6C1E6 /* Accessors.swift */; };
		4D566C771F8382DC00807519 /* AppDelegate.swift in Sources */ = {isa = PBXBuildFile; fileRef = 4D566C761F8382DC00807519 /* AppDelegate.swift */; };
		4D566C791F8382DC00807519 /* ViewController.swift in Sources */ = {isa = PBXBuildFile; fileRef = 4D566C781F8382DC00807519 /* ViewController.swift */; };
		4D566C7C1F8382DC00807519 /* Main.storyboard in Resources */ = {isa = PBXBuildFile; fileRef = 4D566C7A1F8382DC00807519 /* Main.storyboard */; };
		4D566C7E1F8382DC00807519 /* Assets.xcassets in Resources */ = {isa = PBXBuildFile; fileRef = 4D566C7D1F8382DC00807519 /* Assets.xcassets */; };
		4D566C811F8382DC00807519 /* LaunchScreen.storyboard in Resources */ = {isa = PBXBuildFile; fileRef = 4D566C7F1F8382DC00807519 /* LaunchScreen.storyboard */; };
		4D566C8C1F8382DC00807519 /* testTests.swift in Sources */ = {isa = PBXBuildFile; fileRef = 4D566C8B1F8382DC00807519 /* testTests.swift */; };
		4D5EA7851F9B5F420041D96A /* CPPClasses.cpp in Sources */ = {isa = PBXBuildFile; fileRef = 4D5EA7831F9B5F420041D96A /* CPPClasses.cpp */; };
		4D5EA7881F9B64A30041D96A /* OCPoint3D.mm in Sources */ = {isa = PBXBuildFile; fileRef = 4D5EA7871F9B64A30041D96A /* OCPoint3D.mm */; };
		4D6A9ACD1F9744DC005505F8 /* Singleton.swift in Sources */ = {isa = PBXBuildFile; fileRef = 4D6A9ACC1F9744DC005505F8 /* Singleton.swift */; };
/* End PBXBuildFile section */

/* Begin PBXContainerItemProxy section */
		4D566C881F8382DC00807519 /* PBXContainerItemProxy */ = {
			isa = PBXContainerItemProxy;
			containerPortal = 4D566C6B1F8382DB00807519 /* Project object */;
			proxyType = 1;
			remoteGlobalIDString = 4D566C721F8382DC00807519;
			remoteInfo = test;
		};
/* End PBXContainerItemProxy section */

/* Begin PBXFileReference section */
		4D4913FD1F9DFAC800B6C1E6 /* Spaceship.swift */ = {isa = PBXFileReference; lastKnownFileType = sourcecode.swift; path = Spaceship.swift; sourceTree = "<group>"; };
		4D4913FF1F9E029A00B6C1E6 /* RefCycle.swift */ = {isa = PBXFileReference; lastKnownFileType = sourcecode.swift; path = RefCycle.swift; sourceTree = "<group>"; };
		4D4914011F9E07E000B6C1E6 /* Accessors.swift */ = {isa = PBXFileReference; lastKnownFileType = sourcecode.swift; path = Accessors.swift; sourceTree = "<group>"; };
		4D566C731F8382DC00807519 /* test.app */ = {isa = PBXFileReference; explicitFileType = wrapper.application; includeInIndex = 0; path = test.app; sourceTree = BUILT_PRODUCTS_DIR; };
		4D566C761F8382DC00807519 /* AppDelegate.swift */ = {isa = PBXFileReference; lastKnownFileType = sourcecode.swift; path = AppDelegate.swift; sourceTree = "<group>"; };
		4D566C781F8382DC00807519 /* ViewController.swift */ = {isa = PBXFileReference; lastKnownFileType = sourcecode.swift; path = ViewController.swift; sourceTree = "<group>"; };
		4D566C7B1F8382DC00807519 /* Base */ = {isa = PBXFileReference; lastKnownFileType = file.storyboard; name = Base; path = Base.lproj/Main.storyboard; sourceTree = "<group>"; };
		4D566C7D1F8382DC00807519 /* Assets.xcassets */ = {isa = PBXFileReference; lastKnownFileType = folder.assetcatalog; path = Assets.xcassets; sourceTree = "<group>"; };
		4D566C801F8382DC00807519 /* Base */ = {isa = PBXFileReference; lastKnownFileType = file.storyboard; name = Base; path = Base.lproj/LaunchScreen.storyboard; sourceTree = "<group>"; };
		4D566C821F8382DC00807519 /* Info.plist */ = {isa = PBXFileReference; lastKnownFileType = text.plist.xml; path = Info.plist; sourceTree = "<group>"; };
		4D566C871F8382DC00807519 /* testTests.xctest */ = {isa = PBXFileReference; explicitFileType = wrapper.cfbundle; includeInIndex = 0; path = testTests.xctest; sourceTree = BUILT_PRODUCTS_DIR; };
		4D566C8B1F8382DC00807519 /* testTests.swift */ = {isa = PBXFileReference; lastKnownFileType = sourcecode.swift; path = testTests.swift; sourceTree = "<group>"; };
		4D566C8D1F8382DC00807519 /* Info.plist */ = {isa = PBXFileReference; lastKnownFileType = text.plist.xml; path = Info.plist; sourceTree = "<group>"; };
		4D5EA7821F9B5F420041D96A /* test-Bridging-Header.h */ = {isa = PBXFileReference; lastKnownFileType = sourcecode.c.h; path = "test-Bridging-Header.h"; sourceTree = "<group>"; };
		4D5EA7831F9B5F420041D96A /* CPPClasses.cpp */ = {isa = PBXFileReference; lastKnownFileType = sourcecode.cpp.cpp; path = CPPClasses.cpp; sourceTree = "<group>"; };
		4D5EA7841F9B5F420041D96A /* CPPClasses.hpp */ = {isa = PBXFileReference; lastKnownFileType = sourcecode.cpp.h; path = CPPClasses.hpp; sourceTree = "<group>"; };
		4D5EA7871F9B64A30041D96A /* OCPoint3D.mm */ = {isa = PBXFileReference; lastKnownFileType = sourcecode.cpp.objcpp; path = OCPoint3D.mm; sourceTree = "<group>"; };
		4D5EA7891F9B64BD0041D96A /* OCPoint3D.h */ = {isa = PBXFileReference; lastKnownFileType = sourcecode.c.h; path = OCPoint3D.h; sourceTree = "<group>"; };
		4D6A9ACC1F9744DC005505F8 /* Singleton.swift */ = {isa = PBXFileReference; lastKnownFileType = sourcecode.swift; path = Singleton.swift; sourceTree = "<group>"; };
/* End PBXFileReference section */

/* Begin PBXFrameworksBuildPhase section */
		4D566C701F8382DC00807519 /* Frameworks */ = {
			isa = PBXFrameworksBuildPhase;
			buildActionMask = 2147483647;
			files = (
			);
			runOnlyForDeploymentPostprocessing = 0;
		};
		4D566C841F8382DC00807519 /* Frameworks */ = {
			isa = PBXFrameworksBuildPhase;
			buildActionMask = 2147483647;
			files = (
			);
			runOnlyForDeploymentPostprocessing = 0;
		};
/* End PBXFrameworksBuildPhase section */

/* Begin PBXGroup section */
		4D566C6A1F8382DB00807519 = {
			isa = PBXGroup;
			children = (
				4D566C751F8382DC00807519 /* test */,
				4D566C8A1F8382DC00807519 /* testTests */,
				4D566C741F8382DC00807519 /* Products */,
			);
			sourceTree = "<group>";
		};
		4D566C741F8382DC00807519 /* Products */ = {
			isa = PBXGroup;
			children = (
				4D566C731F8382DC00807519 /* test.app */,
				4D566C871F8382DC00807519 /* testTests.xctest */,
			);
			name = Products;
			sourceTree = "<group>";
		};
		4D566C751F8382DC00807519 /* test */ = {
			isa = PBXGroup;
			children = (
				4D5EA7861F9B64790041D96A /* ObjC */,
				4D5EA7811F9B5ED00041D96A /* C++ */,
				4D5EA7801F9B5EBC0041D96A /* Swift */,
				4D566C761F8382DC00807519 /* AppDelegate.swift */,
				4D566C781F8382DC00807519 /* ViewController.swift */,
				4D566C7A1F8382DC00807519 /* Main.storyboard */,
				4D566C7D1F8382DC00807519 /* Assets.xcassets */,
				4D566C7F1F8382DC00807519 /* LaunchScreen.storyboard */,
				4D566C821F8382DC00807519 /* Info.plist */,
			);
			path = test;
			sourceTree = "<group>";
		};
		4D566C8A1F8382DC00807519 /* testTests */ = {
			isa = PBXGroup;
			children = (
				4D566C8B1F8382DC00807519 /* testTests.swift */,
				4D566C8D1F8382DC00807519 /* Info.plist */,
			);
			path = testTests;
			sourceTree = "<group>";
		};
		4D5EA7801F9B5EBC0041D96A /* Swift */ = {
			isa = PBXGroup;
			children = (
				4D6A9ACC1F9744DC005505F8 /* Singleton.swift */,
				4D4913FD1F9DFAC800B6C1E6 /* Spaceship.swift */,
				4D4913FF1F9E029A00B6C1E6 /* RefCycle.swift */,
				4D4914011F9E07E000B6C1E6 /* Accessors.swift */,
			);
			path = Swift;
			sourceTree = "<group>";
		};
		4D5EA7811F9B5ED00041D96A /* C++ */ = {
			isa = PBXGroup;
			children = (
				4D5EA7831F9B5F420041D96A /* CPPClasses.cpp */,
				4D5EA7841F9B5F420041D96A /* CPPClasses.hpp */,
			);
			path = "C++";
			sourceTree = "<group>";
		};
		4D5EA7861F9B64790041D96A /* ObjC */ = {
			isa = PBXGroup;
			children = (
				4D5EA7871F9B64A30041D96A /* OCPoint3D.mm */,
				4D5EA7891F9B64BD0041D96A /* OCPoint3D.h */,
				4D5EA7821F9B5F420041D96A /* test-Bridging-Header.h */,
			);
			path = ObjC;
			sourceTree = "<group>";
		};
/* End PBXGroup section */

/* Begin PBXNativeTarget section */
		4D566C721F8382DC00807519 /* test */ = {
			isa = PBXNativeTarget;
			buildConfigurationList = 4D566C901F8382DC00807519 /* Build configuration list for PBXNativeTarget "test" */;
			buildPhases = (
				4D566C6F1F8382DC00807519 /* Sources */,
				4D566C701F8382DC00807519 /* Frameworks */,
				4D566C711F8382DC00807519 /* Resources */,
			);
			buildRules = (
			);
			dependencies = (
			);
			name = test;
			productName = test;
			productReference = 4D566C731F8382DC00807519 /* test.app */;
			productType = "com.apple.product-type.application";
		};
		4D566C861F8382DC00807519 /* testTests */ = {
			isa = PBXNativeTarget;
			buildConfigurationList = 4D566C931F8382DC00807519 /* Build configuration list for PBXNativeTarget "testTests" */;
			buildPhases = (
				4D566C831F8382DC00807519 /* Sources */,
				4D566C841F8382DC00807519 /* Frameworks */,
				4D566C851F8382DC00807519 /* Resources */,
			);
			buildRules = (
			);
			dependencies = (
				4D566C891F8382DC00807519 /* PBXTargetDependency */,
			);
			name = testTests;
			productName = testTests;
			productReference = 4D566C871F8382DC00807519 /* testTests.xctest */;
			productType = "com.apple.product-type.bundle.unit-test";
		};
/* End PBXNativeTarget section */

/* Begin PBXProject section */
		4D566C6B1F8382DB00807519 /* Project object */ = {
			isa = PBXProject;
			attributes = {
				LastSwiftUpdateCheck = 0900;
				LastUpgradeCheck = 0900;
				ORGANIZATIONNAME = Laurent68k;
				TargetAttributes = {
					4D566C721F8382DC00807519 = {
						CreatedOnToolsVersion = 9.0;
						LastSwiftMigration = 0900;
						ProvisioningStyle = Automatic;
					};
					4D566C861F8382DC00807519 = {
						CreatedOnToolsVersion = 9.0;
						ProvisioningStyle = Automatic;
						TestTargetID = 4D566C721F8382DC00807519;
					};
				};
			};
			buildConfigurationList = 4D566C6E1F8382DB00807519 /* Build configuration list for PBXProject "test" */;
			compatibilityVersion = "Xcode 8.0";
			developmentRegion = en;
			hasScannedForEncodings = 0;
			knownRegions = (
				en,
				Base,
			);
			mainGroup = 4D566C6A1F8382DB00807519;
			productRefGroup = 4D566C741F8382DC00807519 /* Products */;
			projectDirPath = "";
			projectRoot = "";
			targets = (
				4D566C721F8382DC00807519 /* test */,
				4D566C861F8382DC00807519 /* testTests */,
			);
		};
/* End PBXProject section */

/* Begin PBXResourcesBuildPhase section */
		4D566C711F8382DC00807519 /* Resources */ = {
			isa = PBXResourcesBuildPhase;
			buildActionMask = 2147483647;
			files = (
				4D566C811F8382DC00807519 /* LaunchScreen.storyboard in Resources */,
				4D566C7E1F8382DC00807519 /* Assets.xcassets in Resources */,
				4D566C7C1F8382DC00807519 /* Main.storyboard in Resources */,
			);
			runOnlyForDeploymentPostprocessing = 0;
		};
		4D566C851F8382DC00807519 /* Resources */ = {
			isa = PBXResourcesBuildPhase;
			buildActionMask = 2147483647;
			files = (
			);
			runOnlyForDeploymentPostprocessing = 0;
		};
/* End PBXResourcesBuildPhase section */

/* Begin PBXSourcesBuildPhase section */
		4D566C6F1F8382DC00807519 /* Sources */ = {
			isa = PBXSourcesBuildPhase;
			buildActionMask = 2147483647;
			files = (
				4D4914021F9E07E000B6C1E6 /* Accessors.swift in Sources */,
				4D4913FE1F9DFAC800B6C1E6 /* Spaceship.swift in Sources */,
				4D566C791F8382DC00807519 /* ViewController.swift in Sources */,
				4D5EA7881F9B64A30041D96A /* OCPoint3D.mm in Sources */,
				4D6A9ACD1F9744DC005505F8 /* Singleton.swift in Sources */,
				4D5EA7851F9B5F420041D96A /* CPPClasses.cpp in Sources */,
				4D566C771F8382DC00807519 /* AppDelegate.swift in Sources */,
				4D4914001F9E029A00B6C1E6 /* RefCycle.swift in Sources */,
			);
			runOnlyForDeploymentPostprocessing = 0;
		};
		4D566C831F8382DC00807519 /* Sources */ = {
			isa = PBXSourcesBuildPhase;
			buildActionMask = 2147483647;
			files = (
				4D566C8C1F8382DC00807519 /* testTests.swift in Sources */,
			);
			runOnlyForDeploymentPostprocessing = 0;
		};
/* End PBXSourcesBuildPhase section */

/* Begin PBXTargetDependency section */
		4D566C891F8382DC00807519 /* PBXTargetDependency */ = {
			isa = PBXTargetDependency;
			target = 4D566C721F8382DC00807519 /* test */;
			targetProxy = 4D566C881F8382DC00807519 /* PBXContainerItemProxy */;
		};
/* End PBXTargetDependency section */

/* Begin PBXVariantGroup section */
		4D566C7A1F8382DC00807519 /* Main.storyboard */ = {
			isa = PBXVariantGroup;
			children = (
				4D566C7B1F8382DC00807519 /* Base */,
			);
			name = Main.storyboard;
			sourceTree = "<group>";
		};
		4D566C7F1F8382DC00807519 /* LaunchScreen.storyboard */ = {
			isa = PBXVariantGroup;
			children = (
				4D566C801F8382DC00807519 /* Base */,
			);
			name = LaunchScreen.storyboard;
			sourceTree = "<group>";
		};
/* End PBXVariantGroup section */

/* Begin XCBuildConfiguration section */
		4D566C8E1F8382DC00807519 /* Debug */ = {
			isa = XCBuildConfiguration;
			buildSettings = {
				ALWAYS_SEARCH_USER_PATHS = NO;
				CLANG_ANALYZER_NONNULL = YES;
				CLANG_ANALYZER_NUMBER_OBJECT_CONVERSION = YES_AGGRESSIVE;
				CLANG_CXX_LANGUAGE_STANDARD = "gnu++14";
				CLANG_CXX_LIBRARY = "libc++";
				CLANG_ENABLE_MODULES = YES;
				CLANG_ENABLE_OBJC_ARC = YES;
				CLANG_WARN_BLOCK_CAPTURE_AUTORELEASING = YES;
				CLANG_WARN_BOOL_CONVERSION = YES;
				CLANG_WARN_COMMA = YES;
				CLANG_WARN_CONSTANT_CONVERSION = YES;
				CLANG_WARN_DIRECT_OBJC_ISA_USAGE = YES_ERROR;
				CLANG_WARN_DOCUMENTATION_COMMENTS = YES;
				CLANG_WARN_EMPTY_BODY = YES;
				CLANG_WARN_ENUM_CONVERSION = YES;
				CLANG_WARN_INFINITE_RECURSION = YES;
				CLANG_WARN_INT_CONVERSION = YES;
				CLANG_WARN_NON_LITERAL_NULL_CONVERSION = YES;
				CLANG_WARN_OBJC_LITERAL_CONVERSION = YES;
				CLANG_WARN_OBJC_ROOT_CLASS = YES_ERROR;
				CLANG_WARN_RANGE_LOOP_ANALYSIS = YES;
				CLANG_WARN_STRICT_PROTOTYPES = YES;
				CLANG_WARN_SUSPICIOUS_MOVE = YES;
				CLANG_WARN_UNGUARDED_AVAILABILITY = YES_AGGRESSIVE;
				CLANG_WARN_UNREACHABLE_CODE = YES;
				CLANG_WARN__DUPLICATE_METHOD_MATCH = YES;
				CODE_SIGN_IDENTITY = "iPhone Developer";
				COPY_PHASE_STRIP = NO;
				DEBUG_INFORMATION_FORMAT = dwarf;
				ENABLE_STRICT_OBJC_MSGSEND = YES;
				ENABLE_TESTABILITY = YES;
				GCC_C_LANGUAGE_STANDARD = gnu11;
				GCC_DYNAMIC_NO_PIC = NO;
				GCC_NO_COMMON_BLOCKS = YES;
				GCC_OPTIMIZATION_LEVEL = 0;
				GCC_PREPROCESSOR_DEFINITIONS = (
					"DEBUG=1",
					"$(inherited)",
				);
				GCC_WARN_64_TO_32_BIT_CONVERSION = YES;
				GCC_WARN_ABOUT_RETURN_TYPE = YES_ERROR;
				GCC_WARN_UNDECLARED_SELECTOR = YES;
				GCC_WARN_UNINITIALIZED_AUTOS = YES_AGGRESSIVE;
				GCC_WARN_UNUSED_FUNCTION = YES;
				GCC_WARN_UNUSED_VARIABLE = YES;
				IPHONEOS_DEPLOYMENT_TARGET = 11.0;
				MTL_ENABLE_DEBUG_INFO = YES;
				ONLY_ACTIVE_ARCH = YES;
				SDKROOT = iphoneos;
				SWIFT_ACTIVE_COMPILATION_CONDITIONS = DEBUG;
				SWIFT_OPTIMIZATION_LEVEL = "-Onone";
			};
			name = Debug;
		};
		4D566C8F1F8382DC00807519 /* Release */ = {
			isa = XCBuildConfiguration;
			buildSettings = {
				ALWAYS_SEARCH_USER_PATHS = NO;
				CLANG_ANALYZER_NONNULL = YES;
				CLANG_ANALYZER_NUMBER_OBJECT_CONVERSION = YES_AGGRESSIVE;
				CLANG_CXX_LANGUAGE_STANDARD = "gnu++14";
				CLANG_CXX_LIBRARY = "libc++";
				CLANG_ENABLE_MODULES = YES;
				CLANG_ENABLE_OBJC_ARC = YES;
				CLANG_WARN_BLOCK_CAPTURE_AUTORELEASING = YES;
				CLANG_WARN_BOOL_CONVERSION = YES;
				CLANG_WARN_COMMA = YES;
				CLANG_WARN_CONSTANT_CONVERSION = YES;
				CLANG_WARN_DIRECT_OBJC_ISA_USAGE = YES_ERROR;
				CLANG_WARN_DOCUMENTATION_COMMENTS = YES;
				CLANG_WARN_EMPTY_BODY = YES;
				CLANG_WARN_ENUM_CONVERSION = YES;
				CLANG_WARN_INFINITE_RECURSION = YES;
				CLANG_WARN_INT_CONVERSION = YES;
				CLANG_WARN_NON_LITERAL_NULL_CONVERSION = YES;
				CLANG_WARN_OBJC_LITERAL_CONVERSION = YES;
				CLANG_WARN_OBJC_ROOT_CLASS = YES_ERROR;
				CLANG_WARN_RANGE_LOOP_ANALYSIS = YES;
				CLANG_WARN_STRICT_PROTOTYPES = YES;
				CLANG_WARN_SUSPICIOUS_MOVE = YES;
				CLANG_WARN_UNGUARDED_AVAILABILITY = YES_AGGRESSIVE;
				CLANG_WARN_UNREACHABLE_CODE = YES;
				CLANG_WARN__DUPLICATE_METHOD_MATCH = YES;
				CODE_SIGN_IDENTITY = "iPhone Developer";
				COPY_PHASE_STRIP = NO;
				DEBUG_INFORMATION_FORMAT = "dwarf-with-dsym";
				ENABLE_NS_ASSERTIONS = NO;
				ENABLE_STRICT_OBJC_MSGSEND = YES;
				GCC_C_LANGUAGE_STANDARD = gnu11;
				GCC_NO_COMMON_BLOCKS = YES;
				GCC_WARN_64_TO_32_BIT_CONVERSION = YES;
				GCC_WARN_ABOUT_RETURN_TYPE = YES_ERROR;
				GCC_WARN_UNDECLARED_SELECTOR = YES;
				GCC_WARN_UNINITIALIZED_AUTOS = YES_AGGRESSIVE;
				GCC_WARN_UNUSED_FUNCTION = YES;
				GCC_WARN_UNUSED_VARIABLE = YES;
				IPHONEOS_DEPLOYMENT_TARGET = 11.0;
				MTL_ENABLE_DEBUG_INFO = NO;
				SDKROOT = iphoneos;
				SWIFT_OPTIMIZATION_LEVEL = "-Owholemodule";
				VALIDATE_PRODUCT = YES;
			};
			name = Release;
		};
		4D566C911F8382DC00807519 /* Debug */ = {
			isa = XCBuildConfiguration;
			buildSettings = {
				ASSETCATALOG_COMPILER_APPICON_NAME = AppIcon;
				CLANG_ENABLE_MODULES = YES;
				CODE_SIGN_STYLE = Automatic;
				DEVELOPMENT_TEAM = 2T32WF6U53;
				INFOPLIST_FILE = test/Info.plist;
				LD_RUNPATH_SEARCH_PATHS = "$(inherited) @executable_path/Frameworks";
				PRODUCT_BUNDLE_IDENTIFIER = com.laurent68k.tvos.test;
				PRODUCT_NAME = "$(TARGET_NAME)";
				SWIFT_OBJC_BRIDGING_HEADER = "test/ObjC/test-Bridging-Header.h";
				SWIFT_OPTIMIZATION_LEVEL = "-Onone";
				SWIFT_VERSION = 4.0;
				TARGETED_DEVICE_FAMILY = "1,2";
			};
			name = Debug;
		};
		4D566C921F8382DC00807519 /* Release */ = {
			isa = XCBuildConfiguration;
			buildSettings = {
				ASSETCATALOG_COMPILER_APPICON_NAME = AppIcon;
				CLANG_ENABLE_MODULES = YES;
				CODE_SIGN_STYLE = Automatic;
				DEVELOPMENT_TEAM = 2T32WF6U53;
				INFOPLIST_FILE = test/Info.plist;
				LD_RUNPATH_SEARCH_PATHS = "$(inherited) @executable_path/Frameworks";
				PRODUCT_BUNDLE_IDENTIFIER = com.laurent68k.tvos.test;
				PRODUCT_NAME = "$(TARGET_NAME)";
				SWIFT_OBJC_BRIDGING_HEADER = "test/ObjC/test-Bridging-Header.h";
				SWIFT_VERSION = 4.0;
				TARGETED_DEVICE_FAMILY = "1,2";
			};
			name = Release;
		};
		4D566C941F8382DC00807519 /* Debug */ = {
			isa = XCBuildConfiguration;
			buildSettings = {
				ALWAYS_EMBED_SWIFT_STANDARD_LIBRARIES = YES;
				BUNDLE_LOADER = "$(TEST_HOST)";
				CODE_SIGN_STYLE = Automatic;
				DEVELOPMENT_TEAM = 2T32WF6U53;
				INFOPLIST_FILE = testTests/Info.plist;
				LD_RUNPATH_SEARCH_PATHS = "$(inherited) @executable_path/Frameworks @loader_path/Frameworks";
				PRODUCT_BUNDLE_IDENTIFIER = com.laurent68k.tvos.testTests;
				PRODUCT_NAME = "$(TARGET_NAME)";
				SWIFT_VERSION = 4.0;
				TARGETED_DEVICE_FAMILY = "1,2";
				TEST_HOST = "$(BUILT_PRODUCTS_DIR)/test.app/test";
			};
			name = Debug;
		};
		4D566C951F8382DC00807519 /* Release */ = {
			isa = XCBuildConfiguration;
			buildSettings = {
				ALWAYS_EMBED_SWIFT_STANDARD_LIBRARIES = YES;
				BUNDLE_LOADER = "$(TEST_HOST)";
				CODE_SIGN_STYLE = Automatic;
				DEVELOPMENT_TEAM = 2T32WF6U53;
				INFOPLIST_FILE = testTests/Info.plist;
				LD_RUNPATH_SEARCH_PATHS = "$(inherited) @executable_path/Frameworks @loader_path/Frameworks";
				PRODUCT_BUNDLE_IDENTIFIER = com.laurent68k.tvos.testTests;
				PRODUCT_NAME = "$(TARGET_NAME)";
				SWIFT_VERSION = 4.0;
				TARGETED_DEVICE_FAMILY = "1,2";
				TEST_HOST = "$(BUILT_PRODUCTS_DIR)/test.app/test";
			};
			name = Release;
		};
/* End XCBuildConfiguration section */

/* Begin XCConfigurationList section */
		4D566C6E1F8382DB00807519 /* Build configuration list for PBXProject "test" */ = {
			isa = XCConfigurationList;
			buildConfigurations = (
				4D566C8E1F8382DC00807519 /* Debug */,
				4D566C8F1F8382DC00807519 /* Release */,
			);
			defaultConfigurationIsVisible = 0;
			defaultConfigurationName = Release;
		};
		4D566C901F8382DC00807519 /* Build configuration list for PBXNativeTarget "test" */ = {
			isa = XCConfigurationList;
			buildConfigurations = (
				4D566C911F8382DC00807519 /* Debug */,
				4D566C921F8382DC00807519 /* Release */,
			);
			defaultConfigurationIsVisible = 0;
			defaultConfigurationName = Release;
		};
		4D566C931F8382DC00807519 /* Build configuration list for PBXNativeTarget "testTests" */ = {
			isa = XCConfigurationList;
			buildConfigurations = (
				4D566C941F8382DC00807519 /* Debug */,
				4D566C951F8382DC00807519 /* Release */,
			);
			defaultConfigurationIsVisible = 0;
			defaultConfigurationName = Release;
		};
/* End XCConfigurationList section */
	};
	rootObject = 4D566C6B1F8382DB00807519 /* Project object */;
}
